
Microsoft Visual Studio Solution File, Format Version 12.00
# Visual Studio Version 17
VisualStudioVersion = 17.0.31903.59
MinimumVisualStudioVersion = 10.0.40219.1
Project("{FAE04EC0-301F-11D3-BF4B-00C04F79EFBC}") = "RCS.Server", "RCS.Server\RCS.Server.csproj", "{6CBA2781-6B45-432D-A3F0-9579A805B6C6}"
EndProject
Project("{FAE04EC0-301F-11D3-BF4B-00C04F79EFBC}") = "RCS.Agent", "RCS.Agent\RCS.Agent.csproj", "{E513873B-8EA3-48A7-83A7-38EF61B53FC7}"
EndProject
Project("{FAE04EC0-301F-11D3-BF4B-00C04F79EFBC}") = "RCS.Common", "RCS.Common\RCS.Common.csproj", "{3843682D-57A7-4C47-A2A5-483467CA3867}"
EndProject
Global
	GlobalSection(SolutionConfigurationPlatforms) = preSolution
		Debug|Any CPU = Debug|Any CPU
		Release|Any CPU = Release|Any CPU
	EndGlobalSection
	GlobalSection(SolutionProperties) = preSolution
		HideSolutionNode = FALSE
	EndGlobalSection
	GlobalSection(ProjectConfigurationPlatforms) = postSolution
		{6CBA2781-6B45-432D-A3F0-9579A805B6C6}.Debug|Any CPU.ActiveCfg = Debug|Any CPU
		{6CBA2781-6B45-432D-A3F0-9579A805B6C6}.Debug|Any CPU.Build.0 = Debug|Any CPU
		{6CBA2781-6B45-432D-A3F0-9579A805B6C6}.Release|Any CPU.ActiveCfg = Release|Any CPU
		{6CBA2781-6B45-432D-A3F0-9579A805B6C6}.Release|Any CPU.Build.0 = Release|Any CPU
		{E513873B-8EA3-48A7-83A7-38EF61B53FC7}.Debug|Any CPU.ActiveCfg = Debug|Any CPU
		{E513873B-8EA3-48A7-83A7-38EF61B53FC7}.Debug|Any CPU.Build.0 = Debug|Any CPU
		{E513873B-8EA3-48A7-83A7-38EF61B53FC7}.Release|Any CPU.ActiveCfg = Release|Any CPU
		{E513873B-8EA3-48A7-83A7-38EF61B53FC7}.Release|Any CPU.Build.0 = Release|Any CPU
		{3843682D-57A7-4C47-A2A5-483467CA3867}.Debug|Any CPU.ActiveCfg = Debug|Any CPU
		{3843682D-57A7-4C47-A2A5-483467CA3867}.Debug|Any CPU.Build.0 = Debug|Any CPU
		{3843682D-57A7-4C47-A2A5-483467CA3867}.Release|Any CPU.ActiveCfg = Release|Any CPU
		{3843682D-57A7-4C47-A2A5-483467CA3867}.Release|Any CPU.Build.0 = Release|Any CPU
	EndGlobalSection
EndGlobal
